
Microsoft Visual Studio Solution File, Format Version 12.00
# Visual Studio Version 17
VisualStudioVersion = 17.8.34330.188
MinimumVisualStudioVersion = 10.0.40219.1
Project("{9A19103F-16F7-4668-BE54-9A1E7A4F7556}") = "FluxoDeCaixa.Domain", "src\FluxoDeCaixa.Domain\FluxoDeCaixa.Domain.csproj", "{3BA6DC33-EDBF-470D-82E0-B2A8D7E5D544}"
EndProject
Project("{9A19103F-16F7-4668-BE54-9A1E7A4F7556}") = "FluxoDeCaixa.Data", "src\FluxoDeCaixa.Data\FluxoDeCaixa.Data.csproj", "{5CDA29E1-4473-4B74-A22B-FCB9394A954D}"
EndProject
Project("{9A19103F-16F7-4668-BE54-9A1E7A4F7556}") = "FluxoDeCaixa.Api", "src\FluxoDeCaixa.Api\FluxoDeCaixa.Api.csproj", "{9B54D7A9-BBAB-40ED-A023-673DB0D1291A}"
EndProject
Project("{2150E333-8FDC-42A3-9474-1A3956D46DE8}") = "scripts", "scripts", "{E5591A7F-4286-40F7-82EE-1D36817D9043}"
	ProjectSection(SolutionItems) = preProject
		scripts\docker-compose.yaml = scripts\docker-compose.yaml
		scripts\Dockerfile = scripts\Dockerfile
		scripts\docker-compose_full.yaml = scripts\docker-compose_full.yaml
		scripts\start.bat = scripts\start.bat
		scripts\start_full.bat = scripts\start_full.bat
	EndProjectSection
EndProject
Project("{2150E333-8FDC-42A3-9474-1A3956D46DE8}") = "src", "src", "{3DD2E2AC-9C97-4C37-972E-125D4DE0CA33}"
EndProject
Project("{9A19103F-16F7-4668-BE54-9A1E7A4F7556}") = "FluxoDeCaixa.Queue", "src\FluxoDeCaixa.Queue\FluxoDeCaixa.Queue.csproj", "{24CAE3BB-ECDB-46A1-8FAB-204ED6E272A6}"
EndProject
Project("{2150E333-8FDC-42A3-9474-1A3956D46DE8}") = "tests", "tests", "{E7551346-527C-42E4-8B0D-DAC4E7AE3D1C}"
EndProject
Project("{9A19103F-16F7-4668-BE54-9A1E7A4F7556}") = "FluxoDeCaixa.Domain.Tests", "tests\FluxoDeCaixa.Domain.Tests\FluxoDeCaixa.Domain.Tests.csproj", "{9AF0D7BF-B5D7-46AA-892F-FB0502B99CFD}"
EndProject
Project("{2150E333-8FDC-42A3-9474-1A3956D46DE8}") = "Solution Items", "Solution Items", "{05E5860B-A6E0-4398-9A04-90B34C330BF6}"
	ProjectSection(SolutionItems) = preProject
		README.md = README.md
	EndProjectSection
EndProject
Global
	GlobalSection(SolutionConfigurationPlatforms) = preSolution
		Debug|Any CPU = Debug|Any CPU
		Release|Any CPU = Release|Any CPU
	EndGlobalSection
	GlobalSection(ProjectConfigurationPlatforms) = postSolution
		{3BA6DC33-EDBF-470D-82E0-B2A8D7E5D544}.Debug|Any CPU.ActiveCfg = Debug|Any CPU
		{3BA6DC33-EDBF-470D-82E0-B2A8D7E5D544}.Debug|Any CPU.Build.0 = Debug|Any CPU
		{3BA6DC33-EDBF-470D-82E0-B2A8D7E5D544}.Release|Any CPU.ActiveCfg = Release|Any CPU
		{3BA6DC33-EDBF-470D-82E0-B2A8D7E5D544}.Release|Any CPU.Build.0 = Release|Any CPU
		{5CDA29E1-4473-4B74-A22B-FCB9394A954D}.Debug|Any CPU.ActiveCfg = Debug|Any CPU
		{5CDA29E1-4473-4B74-A22B-FCB9394A954D}.Debug|Any CPU.Build.0 = Debug|Any CPU
		{5CDA29E1-4473-4B74-A22B-FCB9394A954D}.Release|Any CPU.ActiveCfg = Release|Any CPU
		{5CDA29E1-4473-4B74-A22B-FCB9394A954D}.Release|Any CPU.Build.0 = Release|Any CPU
		{9B54D7A9-BBAB-40ED-A023-673DB0D1291A}.Debug|Any CPU.ActiveCfg = Debug|Any CPU
		{9B54D7A9-BBAB-40ED-A023-673DB0D1291A}.Debug|Any CPU.Build.0 = Debug|Any CPU
		{9B54D7A9-BBAB-40ED-A023-673DB0D1291A}.Release|Any CPU.ActiveCfg = Release|Any CPU
		{9B54D7A9-BBAB-40ED-A023-673DB0D1291A}.Release|Any CPU.Build.0 = Release|Any CPU
		{24CAE3BB-ECDB-46A1-8FAB-204ED6E272A6}.Debug|Any CPU.ActiveCfg = Debug|Any CPU
		{24CAE3BB-ECDB-46A1-8FAB-204ED6E272A6}.Debug|Any CPU.Build.0 = Debug|Any CPU
		{24CAE3BB-ECDB-46A1-8FAB-204ED6E272A6}.Release|Any CPU.ActiveCfg = Release|Any CPU
		{24CAE3BB-ECDB-46A1-8FAB-204ED6E272A6}.Release|Any CPU.Build.0 = Release|Any CPU
		{9AF0D7BF-B5D7-46AA-892F-FB0502B99CFD}.Debug|Any CPU.ActiveCfg = Debug|Any CPU
		{9AF0D7BF-B5D7-46AA-892F-FB0502B99CFD}.Debug|Any CPU.Build.0 = Debug|Any CPU
		{9AF0D7BF-B5D7-46AA-892F-FB0502B99CFD}.Release|Any CPU.ActiveCfg = Release|Any CPU
		{9AF0D7BF-B5D7-46AA-892F-FB0502B99CFD}.Release|Any CPU.Build.0 = Release|Any CPU
	EndGlobalSection
	GlobalSection(SolutionProperties) = preSolution
		HideSolutionNode = FALSE
	EndGlobalSection
	GlobalSection(NestedProjects) = preSolution
		{3BA6DC33-EDBF-470D-82E0-B2A8D7E5D544} = {3DD2E2AC-9C97-4C37-972E-125D4DE0CA33}
		{5CDA29E1-4473-4B74-A22B-FCB9394A954D} = {3DD2E2AC-9C97-4C37-972E-125D4DE0CA33}
		{9B54D7A9-BBAB-40ED-A023-673DB0D1291A} = {3DD2E2AC-9C97-4C37-972E-125D4DE0CA33}
		{24CAE3BB-ECDB-46A1-8FAB-204ED6E272A6} = {3DD2E2AC-9C97-4C37-972E-125D4DE0CA33}
		{9AF0D7BF-B5D7-46AA-892F-FB0502B99CFD} = {E7551346-527C-42E4-8B0D-DAC4E7AE3D1C}
	EndGlobalSection
	GlobalSection(ExtensibilityGlobals) = postSolution
		SolutionGuid = {ADF9CEFD-F9A2-4895-B8B7-DC223E124C66}
	EndGlobalSection
EndGlobal
